
Microsoft Visual Studio Solution File, Format Version 12.00
# Visual Studio 15
VisualStudioVersion = 15.0.28307.271
MinimumVisualStudioVersion = 10.0.40219.1
Project("{9A19103F-16F7-4668-BE54-9A1E7A4F7556}") = "WebAPI", "WebAPI\WebAPI.csproj", "{8FF4986A-50DC-48D3-9004-F995C1C28930}"
EndProject
Project("{9A19103F-16F7-4668-BE54-9A1E7A4F7556}") = "DAL", "DAL\DAL.csproj", "{A85882FD-BFDE-4C73-A23F-A8E5CFF01FA5}"
EndProject
Project("{9A19103F-16F7-4668-BE54-9A1E7A4F7556}") = "DAL.Interfaces", "DAL.Interfaces\DAL.Interfaces.csproj", "{024B04A5-B30C-41D1-BECF-708D2E1EC1E8}"
EndProject
Project("{9A19103F-16F7-4668-BE54-9A1E7A4F7556}") = "BLL", "BLL\BLL.csproj", "{4ACA0C19-2DBA-404A-B5D5-D70177276E59}"
EndProject
Project("{9A19103F-16F7-4668-BE54-9A1E7A4F7556}") = "BLL.Interfaces", "BLL.Interfaces\BLL.Interfaces.csproj", "{9B2908F6-1101-4A9B-94CC-8FF7B5C999F8}"
EndProject
Global
	GlobalSection(SolutionConfigurationPlatforms) = preSolution
		Debug|Any CPU = Debug|Any CPU
		Release|Any CPU = Release|Any CPU
	EndGlobalSection
	GlobalSection(ProjectConfigurationPlatforms) = postSolution
		{8FF4986A-50DC-48D3-9004-F995C1C28930}.Debug|Any CPU.ActiveCfg = Debug|Any CPU
		{8FF4986A-50DC-48D3-9004-F995C1C28930}.Debug|Any CPU.Build.0 = Debug|Any CPU
		{8FF4986A-50DC-48D3-9004-F995C1C28930}.Release|Any CPU.ActiveCfg = Release|Any CPU
		{8FF4986A-50DC-48D3-9004-F995C1C28930}.Release|Any CPU.Build.0 = Release|Any CPU
		{A85882FD-BFDE-4C73-A23F-A8E5CFF01FA5}.Debug|Any CPU.ActiveCfg = Debug|Any CPU
		{A85882FD-BFDE-4C73-A23F-A8E5CFF01FA5}.Debug|Any CPU.Build.0 = Debug|Any CPU
		{A85882FD-BFDE-4C73-A23F-A8E5CFF01FA5}.Release|Any CPU.ActiveCfg = Release|Any CPU
		{A85882FD-BFDE-4C73-A23F-A8E5CFF01FA5}.Release|Any CPU.Build.0 = Release|Any CPU
		{024B04A5-B30C-41D1-BECF-708D2E1EC1E8}.Debug|Any CPU.ActiveCfg = Debug|Any CPU
		{024B04A5-B30C-41D1-BECF-708D2E1EC1E8}.Debug|Any CPU.Build.0 = Debug|Any CPU
		{024B04A5-B30C-41D1-BECF-708D2E1EC1E8}.Release|Any CPU.ActiveCfg = Release|Any CPU
		{024B04A5-B30C-41D1-BECF-708D2E1EC1E8}.Release|Any CPU.Build.0 = Release|Any CPU
		{4ACA0C19-2DBA-404A-B5D5-D70177276E59}.Debug|Any CPU.ActiveCfg = Debug|Any CPU
		{4ACA0C19-2DBA-404A-B5D5-D70177276E59}.Debug|Any CPU.Build.0 = Debug|Any CPU
		{4ACA0C19-2DBA-404A-B5D5-D70177276E59}.Release|Any CPU.ActiveCfg = Release|Any CPU
		{4ACA0C19-2DBA-404A-B5D5-D70177276E59}.Release|Any CPU.Build.0 = Release|Any CPU
		{9B2908F6-1101-4A9B-94CC-8FF7B5C999F8}.Debug|Any CPU.ActiveCfg = Debug|Any CPU
		{9B2908F6-1101-4A9B-94CC-8FF7B5C999F8}.Debug|Any CPU.Build.0 = Debug|Any CPU
		{9B2908F6-1101-4A9B-94CC-8FF7B5C999F8}.Release|Any CPU.ActiveCfg = Release|Any CPU
		{9B2908F6-1101-4A9B-94CC-8FF7B5C999F8}.Release|Any CPU.Build.0 = Release|Any CPU
	EndGlobalSection
	GlobalSection(SolutionProperties) = preSolution
		HideSolutionNode = FALSE
	EndGlobalSection
	GlobalSection(ExtensibilityGlobals) = postSolution
		SolutionGuid = {1A9FEBFF-3455-430C-81FD-914A4BAEBD7F}
	EndGlobalSection
EndGlobal
